// !$*UTF8*$!
{
	archiveVersion = 1;
	classes = {
	};
	objectVersion = 50;
	objects = {

/* Begin PBXBuildFile section */
		3D8A89C124C1B20D00B754EE /* AppDelegate.swift in Sources */ = {isa = PBXBuildFile; fileRef = 3D8A89C024C1B20D00B754EE /* AppDelegate.swift */; };
		3D8A89C324C1B20D00B754EE /* SceneDelegate.swift in Sources */ = {isa = PBXBuildFile; fileRef = 3D8A89C224C1B20D00B754EE /* SceneDelegate.swift */; };
		3D8A89C524C1B20D00B754EE /* ViewController.swift in Sources */ = {isa = PBXBuildFile; fileRef = 3D8A89C424C1B20D00B754EE /* ViewController.swift */; };
		3D8A89C824C1B20D00B754EE /* Main.storyboard in Resources */ = {isa = PBXBuildFile; fileRef = 3D8A89C624C1B20D00B754EE /* Main.storyboard */; };
		3D8A89CA24C1B20F00B754EE /* Assets.xcassets in Resources */ = {isa = PBXBuildFile; fileRef = 3D8A89C924C1B20F00B754EE /* Assets.xcassets */; };
		3D8A89CD24C1B20F00B754EE /* LaunchScreen.storyboard in Resources */ = {isa = PBXBuildFile; fileRef = 3D8A89CB24C1B20F00B754EE /* LaunchScreen.storyboard */; };
/* End PBXBuildFile section */

/* Begin PBXFileReference section */
		3D8A89BD24C1B20D00B754EE /* PracticalDemo.app */ = {isa = PBXFileReference; explicitFileType = wrapper.application; includeInIndex = 0; path = PracticalDemo.app; sourceTree = BUILT_PRODUCTS_DIR; };
		3D8A89C024C1B20D00B754EE /* AppDelegate.swift */ = {isa = PBXFileReference; lastKnownFileType = sourcecode.swift; path = AppDelegate.swift; sourceTree = "<group>"; };
		3D8A89C224C1B20D00B754EE /* SceneDelegate.swift */ = {isa = PBXFileReference; lastKnownFileType = sourcecode.swift; path = SceneDelegate.swift; sourceTree = "<group>"; };
		3D8A89C424C1B20D00B754EE /* ViewController.swift */ = {isa = PBXFileReference; lastKnownFileType = sourcecode.swift; path = ViewController.swift; sourceTree = "<group>"; };
		3D8A89C724C1B20D00B754EE /* Base */ = {isa = PBXFileReference; lastKnownFileType = file.storyboard; name = Base; path = Base.lproj/Main.storyboard; sourceTree = "<group>"; };
		3D8A89C924C1B20F00B754EE /* Assets.xcassets */ = {isa = PBXFileReference; lastKnownFileType = folder.assetcatalog; path = Assets.xcassets; sourceTree = "<group>"; };
		3D8A89CC24C1B20F00B754EE /* Base */ = {isa = PBXFileReference; lastKnownFileType = file.storyboard; name = Base; path = Base.lproj/LaunchScreen.storyboard; sourceTree = "<group>"; };
		3D8A89CE24C1B20F00B754EE /* Info.plist */ = {isa = PBXFileReference; lastKnownFileType = text.plist.xml; path = Info.plist; sourceTree = "<group>"; };
/* End PBXFileReference section */

/* Begin PBXFrameworksBuildPhase section */
		3D8A89BA24C1B20D00B754EE /* Frameworks */ = {
			isa = PBXFrameworksBuildPhase;
			buildActionMask = 2147483647;
			files = (
			);
			runOnlyForDeploymentPostprocessing = 0;
		};
/* End PBXFrameworksBuildPhase section */

/* Begin PBXGroup section */
		3D8A89B424C1B20D00B754EE = {
			isa = PBXGroup;
			children = (
				3D8A89BF24C1B20D00B754EE /* PracticalDemo */,
				3D8A89BE24C1B20D00B754EE /* Products */,
			);
			sourceTree = "<group>";
		};
		3D8A89BE24C1B20D00B754EE /* Products */ = {
			isa = PBXGroup;
			children = (
				3D8A89BD24C1B20D00B754EE /* PracticalDemo.app */,
			);
			name = Products;
			sourceTree = "<group>";
		};
		3D8A89BF24C1B20D00B754EE /* PracticalDemo */ = {
			isa = PBXGroup;
			children = (
				3D8A89C024C1B20D00B754EE /* AppDelegate.swift */,
				3D8A89C224C1B20D00B754EE /* SceneDelegate.swift */,
				3D8A89C424C1B20D00B754EE /* ViewController.swift */,
				3D8A89C624C1B20D00B754EE /* Main.storyboard */,
				3D8A89C924C1B20F00B754EE /* Assets.xcassets */,
				3D8A89CB24C1B20F00B754EE /* LaunchScreen.storyboard */,
				3D8A89CE24C1B20F00B754EE /* Info.plist */,
			);
			path = PracticalDemo;
			sourceTree = "<group>";
		};
/* End PBXGroup section */

/* Begin PBXNativeTarget section */
		3D8A89BC24C1B20D00B754EE /* PracticalDemo */ = {
			isa = PBXNativeTarget;
			buildConfigurationList = 3D8A89D124C1B20F00B754EE /* Build configuration list for PBXNativeTarget "PracticalDemo" */;
			buildPhases = (
				3D8A89B924C1B20D00B754EE /* Sources */,
				3D8A89BA24C1B20D00B754EE /* Frameworks */,
				3D8A89BB24C1B20D00B754EE /* Resources */,
			);
			buildRules = (
			);
			dependencies = (
			);
			name = PracticalDemo;
			productName = PracticalDemo;
			productReference = 3D8A89BD24C1B20D00B754EE /* PracticalDemo.app */;
			productType = "com.apple.product-type.application";
		};
/* End PBXNativeTarget section */

/* Begin PBXProject section */
		3D8A89B524C1B20D00B754EE /* Project object */ = {
			isa = PBXProject;
			attributes = {
				LastSwiftUpdateCheck = 1110;
				LastUpgradeCheck = 1110;
				ORGANIZATIONNAME = "mehul modhvadiya";
				TargetAttributes = {
					3D8A89BC24C1B20D00B754EE = {
						CreatedOnToolsVersion = 11.1;
					};
				};
			};
			buildConfigurationList = 3D8A89B824C1B20D00B754EE /* Build configuration list for PBXProject "PracticalDemo" */;
			compatibilityVersion = "Xcode 9.3";
			developmentRegion = en;
			hasScannedForEncodings = 0;
			knownRegions = (
				en,
				Base,
			);
			mainGroup = 3D8A89B424C1B20D00B754EE;
			productRefGroup = 3D8A89BE24C1B20D00B754EE /* Products */;
			projectDirPath = "";
			projectRoot = "";
			targets = (
				3D8A89BC24C1B20D00B754EE /* PracticalDemo */,
			);
		};
/* End PBXProject section */

/* Begin PBXResourcesBuildPhase section */
		3D8A89BB24C1B20D00B754EE /* Resources */ = {
			isa = PBXResourcesBuildPhase;
			buildActionMask = 2147483647;
			files = (
				3D8A89CD24C1B20F00B754EE /* LaunchScreen.storyboard in Resources */,
				3D8A89CA24C1B20F00B754EE /* Assets.xcassets in Resources */,
				3D8A89C824C1B20D00B754EE /* Main.storyboard in Resources */,
			);
			runOnlyForDeploymentPostprocessing = 0;
		};
/* End PBXResourcesBuildPhase section */

/* Begin PBXSourcesBuildPhase section */
		3D8A89B924C1B20D00B754EE /* Sources */ = {
			isa = PBXSourcesBuildPhase;
			buildActionMask = 2147483647;
			files = (
				3D8A89C524C1B20D00B754EE /* ViewController.swift in Sources */,
				3D8A89C124C1B20D00B754EE /* AppDelegate.swift in Sources */,
				3D8A89C324C1B20D00B754EE /* SceneDelegate.swift in Sources */,
			);
			runOnlyForDeploymentPostprocessing = 0;
		};
/* End PBXSourcesBuildPhase section */

/* Begin PBXVariantGroup section */
		3D8A89C624C1B20D00B754EE /* Main.storyboard */ = {
			isa = PBXVariantGroup;
			children = (
				3D8A89C724C1B20D00B754EE /* Base */,
			);
			name = Main.storyboard;
			sourceTree = "<group>";
		};
		3D8A89CB24C1B20F00B754EE /* LaunchScreen.storyboard */ = {
			isa = PBXVariantGroup;
			children = (
				3D8A89CC24C1B20F00B754EE /* Base */,
			);
			name = LaunchScreen.storyboard;
			sourceTree = "<group>";
		};
/* End PBXVariantGroup section */

/* Begin XCBuildConfiguration section */
		3D8A89CF24C1B20F00B754EE /* Debug */ = {
			isa = XCBuildConfiguration;
			buildSettings = {
				ALWAYS_SEARCH_USER_PATHS = NO;
				CLANG_ANALYZER_NONNULL = YES;
				CLANG_ANALYZER_NUMBER_OBJECT_CONVERSION = YES_AGGRESSIVE;
				CLANG_CXX_LANGUAGE_STANDARD = "gnu++14";
				CLANG_CXX_LIBRARY = "libc++";
				CLANG_ENABLE_MODULES = YES;
				CLANG_ENABLE_OBJC_ARC = YES;
				CLANG_ENABLE_OBJC_WEAK = YES;
				CLANG_WARN_BLOCK_CAPTURE_AUTORELEASING = YES;
				CLANG_WARN_BOOL_CONVERSION = YES;
				CLANG_WARN_COMMA = YES;
				CLANG_WARN_CONSTANT_CONVERSION = YES;
				CLANG_WARN_DEPRECATED_OBJC_IMPLEMENTATIONS = YES;
				CLANG_WARN_DIRECT_OBJC_ISA_USAGE = YES_ERROR;
				CLANG_WARN_DOCUMENTATION_COMMENTS = YES;
				CLANG_WARN_EMPTY_BODY = YES;
				CLANG_WARN_ENUM_CONVERSION = YES;
				CLANG_WARN_INFINITE_RECURSION = YES;
				CLANG_WARN_INT_CONVERSION = YES;
				CLANG_WARN_NON_LITERAL_NULL_CONVERSION = YES;
				CLANG_WARN_OBJC_IMPLICIT_RETAIN_SELF = YES;
				CLANG_WARN_OBJC_LITERAL_CONVERSION = YES;
				CLANG_WARN_OBJC_ROOT_CLASS = YES_ERROR;
				CLANG_WARN_RANGE_LOOP_ANALYSIS = YES;
				CLANG_WARN_STRICT_PROTOTYPES = YES;
				CLANG_WARN_SUSPICIOUS_MOVE = YES;
				CLANG_WARN_UNGUARDED_AVAILABILITY = YES_AGGRESSIVE;
				CLANG_WARN_UNREACHABLE_CODE = YES;
				CLANG_WARN__DUPLICATE_METHOD_MATCH = YES;
				COPY_PHASE_STRIP = NO;
				DEBUG_INFORMATION_FORMAT = dwarf;
				ENABLE_STRICT_OBJC_MSGSEND = YES;
				ENABLE_TESTABILITY = YES;
				GCC_C_LANGUAGE_STANDARD = gnu11;
				GCC_DYNAMIC_NO_PIC = NO;
				GCC_NO_COMMON_BLOCKS = YES;
				GCC_OPTIMIZATION_LEVEL = 0;
				GCC_PREPROCESSOR_DEFINITIONS = (
					"DEBUG=1",
					"$(inherited)",
				);
				GCC_WARN_64_TO_32_BIT_CONVERSION = YES;
				GCC_WARN_ABOUT_RETURN_TYPE = YES_ERROR;
				GCC_WARN_UNDECLARED_SELECTOR = YES;
				GCC_WARN_UNINITIALIZED_AUTOS = YES_AGGRESSIVE;
				GCC_WARN_UNUSED_FUNCTION = YES;
				GCC_WARN_UNUSED_VARIABLE = YES;
				IPHONEOS_DEPLOYMENT_TARGET = 13.1;
				MTL_ENABLE_DEBUG_INFO = INCLUDE_SOURCE;
				MTL_FAST_MATH = YES;
				ONLY_ACTIVE_ARCH = YES;
				SDKROOT = iphoneos;
				SWIFT_ACTIVE_COMPILATION_CONDITIONS = DEBUG;
				SWIFT_OPTIMIZATION_LEVEL = "-Onone";
			};
			name = Debug;
		};
		3D8A89D024C1B20F00B754EE /* Release */ = {
			isa = XCBuildConfiguration;
			buildSettings = {
				ALWAYS_SEARCH_USER_PATHS = NO;
				CLANG_ANALYZER_NONNULL = YES;
				CLANG_ANALYZER_NUMBER_OBJECT_CONVERSION = YES_AGGRESSIVE;
				CLANG_CXX_LANGUAGE_STANDARD = "gnu++14";
				CLANG_CXX_LIBRARY = "libc++";
				CLANG_ENABLE_MODULES = YES;
				CLANG_ENABLE_OBJC_ARC = YES;
				CLANG_ENABLE_OBJC_WEAK = YES;
				CLANG_WARN_BLOCK_CAPTURE_AUTORELEASING = YES;
				CLANG_WARN_BOOL_CONVERSION = YES;
				CLANG_WARN_COMMA = YES;
				CLANG_WARN_CONSTANT_CONVERSION = YES;
				CLANG_WARN_DEPRECATED_OBJC_IMPLEMENTATIONS = YES;
				CLANG_WARN_DIRECT_OBJC_ISA_USAGE = YES_ERROR;
				CLANG_WARN_DOCUMENTATION_COMMENTS = YES;
				CLANG_WARN_EMPTY_BODY = YES;
				CLANG_WARN_ENUM_CONVERSION = YES;
				CLANG_WARN_INFINITE_RECURSION = YES;
				CLANG_WARN_INT_CONVERSION = YES;
				CLANG_WARN_NON_LITERAL_NULL_CONVERSION = YES;
				CLANG_WARN_OBJC_IMPLICIT_RETAIN_SELF = YES;
				CLANG_WARN_OBJC_LITERAL_CONVERSION = YES;
				CLANG_WARN_OBJC_ROOT_CLASS = YES_ERROR;
				CLANG_WARN_RANGE_LOOP_ANALYSIS = YES;
				CLANG_WARN_STRICT_PROTOTYPES = YES;
				CLANG_WARN_SUSPICIOUS_MOVE = YES;
				CLANG_WARN_UNGUARDED_AVAILABILITY = YES_AGGRESSIVE;
				CLANG_WARN_UNREACHABLE_CODE = YES;
				CLANG_WARN__DUPLICATE_METHOD_MATCH = YES;
				COPY_PHASE_STRIP = NO;
				DEBUG_INFORMATION_FORMAT = "dwarf-with-dsym";
				ENABLE_NS_ASSERTIONS = NO;
				ENABLE_STRICT_OBJC_MSGSEND = YES;
				GCC_C_LANGUAGE_STANDARD = gnu11;
				GCC_NO_COMMON_BLOCKS = YES;
				GCC_WARN_64_TO_32_BIT_CONVERSION = YES;
				GCC_WARN_ABOUT_RETURN_TYPE = YES_ERROR;
				GCC_WARN_UNDECLARED_SELECTOR = YES;
				GCC_WARN_UNINITIALIZED_AUTOS = YES_AGGRESSIVE;
				GCC_WARN_UNUSED_FUNCTION = YES;
				GCC_WARN_UNUSED_VARIABLE = YES;
				IPHONEOS_DEPLOYMENT_TARGET = 13.1;
				MTL_ENABLE_DEBUG_INFO = NO;
				MTL_FAST_MATH = YES;
				SDKROOT = iphoneos;
				SWIFT_COMPILATION_MODE = wholemodule;
				SWIFT_OPTIMIZATION_LEVEL = "-O";
				VALIDATE_PRODUCT = YES;
			};
			name = Release;
		};
		3D8A89D224C1B20F00B754EE /* Debug */ = {
			isa = XCBuildConfiguration;
			buildSettings = {
				ASSETCATALOG_COMPILER_APPICON_NAME = AppIcon;
				CODE_SIGN_STYLE = Automatic;
				INFOPLIST_FILE = PracticalDemo/Info.plist;
				LD_RUNPATH_SEARCH_PATHS = (
					"$(inherited)",
					"@executable_path/Frameworks",
				);
				PRODUCT_BUNDLE_IDENTIFIER = mehul.PracticalDemo;
				PRODUCT_NAME = "$(TARGET_NAME)";
				SWIFT_VERSION = 5.0;
				TARGETED_DEVICE_FAMILY = "1,2";
			};
			name = Debug;
		};
		3D8A89D324C1B20F00B754EE /* Release */ = {
			isa = XCBuildConfiguration;
			buildSettings = {
				ASSETCATALOG_COMPILER_APPICON_NAME = AppIcon;
				CODE_SIGN_STYLE = Automatic;
				INFOPLIST_FILE = PracticalDemo/Info.plist;
				LD_RUNPATH_SEARCH_PATHS = (
					"$(inherited)",
					"@executable_path/Frameworks",
				);
				PRODUCT_BUNDLE_IDENTIFIER = mehul.PracticalDemo;
				PRODUCT_NAME = "$(TARGET_NAME)";
				SWIFT_VERSION = 5.0;
				TARGETED_DEVICE_FAMILY = "1,2";
			};
			name = Release;
		};
/* End XCBuildConfiguration section */

/* Begin XCConfigurationList section */
		3D8A89B824C1B20D00B754EE /* Build configuration list for PBXProject "PracticalDemo" */ = {
			isa = XCConfigurationList;
			buildConfigurations = (
				3D8A89CF24C1B20F00B754EE /* Debug */,
				3D8A89D024C1B20F00B754EE /* Release */,
			);
			defaultConfigurationIsVisible = 0;
			defaultConfigurationName = Release;
		};
		3D8A89D124C1B20F00B754EE /* Build configuration list for PBXNativeTarget "PracticalDemo" */ = {
			isa = XCConfigurationList;
			buildConfigurations = (
				3D8A89D224C1B20F00B754EE /* Debug */,
				3D8A89D324C1B20F00B754EE /* Release */,
			);
			defaultConfigurationIsVisible = 0;
			defaultConfigurationName = Release;
		};
/* End XCConfigurationList section */
	};
	rootObject = 3D8A89B524C1B20D00B754EE /* Project object */;
}
